
Microsoft Visual Studio Solution File, Format Version 12.00
# Visual Studio 15
VisualStudioVersion = 15.0.28010.2003
MinimumVisualStudioVersion = 10.0.40219.1
Project("{FAE04EC0-301F-11D3-BF4B-00C04F79EFBC}") = "WcfHostOfWindowsService", "WcfHostOfWindowsService\WcfHostOfWindowsService.csproj", "{4D35BCBC-E514-4CAE-B0D6-AA1E4C08758C}"
EndProject
Project("{FAE04EC0-301F-11D3-BF4B-00C04F79EFBC}") = "WcfService", "WcfService\WcfService.csproj", "{7B1E8EDE-8916-4BFD-B58F-7BDEAECD1BB7}"
EndProject
Global
	GlobalSection(SolutionConfigurationPlatforms) = preSolution
		Debug|Any CPU = Debug|Any CPU
		Release|Any CPU = Release|Any CPU
	EndGlobalSection
	GlobalSection(ProjectConfigurationPlatforms) = postSolution
		{4D35BCBC-E514-4CAE-B0D6-AA1E4C08758C}.Debug|Any CPU.ActiveCfg = Debug|Any CPU
		{4D35BCBC-E514-4CAE-B0D6-AA1E4C08758C}.Debug|Any CPU.Build.0 = Debug|Any CPU
		{4D35BCBC-E514-4CAE-B0D6-AA1E4C08758C}.Release|Any CPU.ActiveCfg = Release|Any CPU
		{4D35BCBC-E514-4CAE-B0D6-AA1E4C08758C}.Release|Any CPU.Build.0 = Release|Any CPU
		{7B1E8EDE-8916-4BFD-B58F-7BDEAECD1BB7}.Debug|Any CPU.ActiveCfg = Debug|Any CPU
		{7B1E8EDE-8916-4BFD-B58F-7BDEAECD1BB7}.Debug|Any CPU.Build.0 = Debug|Any CPU
		{7B1E8EDE-8916-4BFD-B58F-7BDEAECD1BB7}.Release|Any CPU.ActiveCfg = Release|Any CPU
		{7B1E8EDE-8916-4BFD-B58F-7BDEAECD1BB7}.Release|Any CPU.Build.0 = Release|Any CPU
	EndGlobalSection
	GlobalSection(SolutionProperties) = preSolution
		HideSolutionNode = FALSE
	EndGlobalSection
	GlobalSection(ExtensibilityGlobals) = postSolution
		SolutionGuid = {E7D13078-A5C3-48F6-9F9D-9DF4EC00BDB1}
	EndGlobalSection
EndGlobal
