
Microsoft Visual Studio Solution File, Format Version 12.00
# Visual Studio 15
VisualStudioVersion = 15.0.28010.2003
MinimumVisualStudioVersion = 10.0.40219.1
Project("{FAE04EC0-301F-11D3-BF4B-00C04F79EFBC}") = "PMY.CompilationSystem", "PMY.CompilationSystem\PMY.CompilationSystem.csproj", "{5FF79088-75D0-4C1B-93B7-00C3CCB5784E}"
EndProject
Project("{FAE04EC0-301F-11D3-BF4B-00C04F79EFBC}") = "PMY.CompilationSystem.Model", "PMY.CompilationSystem.Model\PMY.CompilationSystem.Model.csproj", "{082E2E8C-F522-43C4-AD52-365E393028F7}"
EndProject
Project("{FAE04EC0-301F-11D3-BF4B-00C04F79EFBC}") = "PMY.CompilationSystem.Service", "PMY.CompilationSystem.Service\PMY.CompilationSystem.Service.csproj", "{41997868-3C99-468D-AC7E-18286312FF67}"
EndProject
Project("{FAE04EC0-301F-11D3-BF4B-00C04F79EFBC}") = "PMY.CompilationSystem.IService", "PMY.CompilationSystem.IService\PMY.CompilationSystem.IService.csproj", "{0D4D2F0C-F84C-4524-BFBC-518D2AF08905}"
EndProject
Project("{FAE04EC0-301F-11D3-BF4B-00C04F79EFBC}") = "PMY.CompilationSystem.IRemoteService", "PMY.CompilationSystem.IRemoteService\PMY.CompilationSystem.IRemoteService.csproj", "{F382B7E4-F36E-4EC1-B81A-BFBD9AED05D5}"
EndProject
Project("{FAE04EC0-301F-11D3-BF4B-00C04F79EFBC}") = "PMY.CompilationSystem.RemoteService", "PMY.CompilationSystem.RemoteService\PMY.CompilationSystem.RemoteService.csproj", "{C8F29E28-DEB7-461C-8ADD-60CE85AF9D9F}"
EndProject
Global
	GlobalSection(SolutionConfigurationPlatforms) = preSolution
		Debug|Any CPU = Debug|Any CPU
		Release|Any CPU = Release|Any CPU
	EndGlobalSection
	GlobalSection(ProjectConfigurationPlatforms) = postSolution
		{5FF79088-75D0-4C1B-93B7-00C3CCB5784E}.Debug|Any CPU.ActiveCfg = Debug|Any CPU
		{5FF79088-75D0-4C1B-93B7-00C3CCB5784E}.Debug|Any CPU.Build.0 = Debug|Any CPU
		{5FF79088-75D0-4C1B-93B7-00C3CCB5784E}.Release|Any CPU.ActiveCfg = Release|Any CPU
		{5FF79088-75D0-4C1B-93B7-00C3CCB5784E}.Release|Any CPU.Build.0 = Release|Any CPU
		{082E2E8C-F522-43C4-AD52-365E393028F7}.Debug|Any CPU.ActiveCfg = Debug|Any CPU
		{082E2E8C-F522-43C4-AD52-365E393028F7}.Debug|Any CPU.Build.0 = Debug|Any CPU
		{082E2E8C-F522-43C4-AD52-365E393028F7}.Release|Any CPU.ActiveCfg = Release|Any CPU
		{082E2E8C-F522-43C4-AD52-365E393028F7}.Release|Any CPU.Build.0 = Release|Any CPU
		{41997868-3C99-468D-AC7E-18286312FF67}.Debug|Any CPU.ActiveCfg = Debug|Any CPU
		{41997868-3C99-468D-AC7E-18286312FF67}.Debug|Any CPU.Build.0 = Debug|Any CPU
		{41997868-3C99-468D-AC7E-18286312FF67}.Release|Any CPU.ActiveCfg = Release|Any CPU
		{41997868-3C99-468D-AC7E-18286312FF67}.Release|Any CPU.Build.0 = Release|Any CPU
		{0D4D2F0C-F84C-4524-BFBC-518D2AF08905}.Debug|Any CPU.ActiveCfg = Debug|Any CPU
		{0D4D2F0C-F84C-4524-BFBC-518D2AF08905}.Debug|Any CPU.Build.0 = Debug|Any CPU
		{0D4D2F0C-F84C-4524-BFBC-518D2AF08905}.Release|Any CPU.ActiveCfg = Release|Any CPU
		{0D4D2F0C-F84C-4524-BFBC-518D2AF08905}.Release|Any CPU.Build.0 = Release|Any CPU
		{F382B7E4-F36E-4EC1-B81A-BFBD9AED05D5}.Debug|Any CPU.ActiveCfg = Debug|Any CPU
		{F382B7E4-F36E-4EC1-B81A-BFBD9AED05D5}.Debug|Any CPU.Build.0 = Debug|Any CPU
		{F382B7E4-F36E-4EC1-B81A-BFBD9AED05D5}.Release|Any CPU.ActiveCfg = Release|Any CPU
		{F382B7E4-F36E-4EC1-B81A-BFBD9AED05D5}.Release|Any CPU.Build.0 = Release|Any CPU
		{C8F29E28-DEB7-461C-8ADD-60CE85AF9D9F}.Debug|Any CPU.ActiveCfg = Debug|Any CPU
		{C8F29E28-DEB7-461C-8ADD-60CE85AF9D9F}.Debug|Any CPU.Build.0 = Debug|Any CPU
		{C8F29E28-DEB7-461C-8ADD-60CE85AF9D9F}.Release|Any CPU.ActiveCfg = Release|Any CPU
		{C8F29E28-DEB7-461C-8ADD-60CE85AF9D9F}.Release|Any CPU.Build.0 = Release|Any CPU
	EndGlobalSection
	GlobalSection(SolutionProperties) = preSolution
		HideSolutionNode = FALSE
	EndGlobalSection
	GlobalSection(ExtensibilityGlobals) = postSolution
		SolutionGuid = {3CA9EC7D-7003-47C9-87DC-82CC5D2CB3CF}
	EndGlobalSection
EndGlobal
